
Microsoft Visual Studio Solution File, Format Version 12.00
# Visual Studio Version 17
VisualStudioVersion = 17.14.36310.24
MinimumVisualStudioVersion = 10.0.40219.1
Project("{FAE04EC0-301F-11D3-BF4B-00C04F79EFBC}") = "TestApp", "TestApp\TestApp.csproj", "{4946422E-EF9A-4236-A5D3-AFD42E902452}"
EndProject
Project("{FAE04EC0-301F-11D3-BF4B-00C04F79EFBC}") = "TestApp.Tests", "TestApp.Tests\TestApp.Tests.csproj", "{487D662A-21CA-41EC-B204-F0765AB40FDD}"
EndProject
Global
	GlobalSection(SolutionConfigurationPlatforms) = preSolution
		Debug|Any CPU = Debug|Any CPU
		Release|Any CPU = Release|Any CPU
	EndGlobalSection
	GlobalSection(ProjectConfigurationPlatforms) = postSolution
		{4946422E-EF9A-4236-A5D3-AFD42E902452}.Debug|Any CPU.ActiveCfg = Debug|Any CPU
		{4946422E-EF9A-4236-A5D3-AFD42E902452}.Debug|Any CPU.Build.0 = Debug|Any CPU
		{4946422E-EF9A-4236-A5D3-AFD42E902452}.Release|Any CPU.ActiveCfg = Release|Any CPU
		{4946422E-EF9A-4236-A5D3-AFD42E902452}.Release|Any CPU.Build.0 = Release|Any CPU
		{487D662A-21CA-41EC-B204-F0765AB40FDD}.Debug|Any CPU.ActiveCfg = Debug|Any CPU
		{487D662A-21CA-41EC-B204-F0765AB40FDD}.Debug|Any CPU.Build.0 = Debug|Any CPU
		{487D662A-21CA-41EC-B204-F0765AB40FDD}.Release|Any CPU.ActiveCfg = Release|Any CPU
		{487D662A-21CA-41EC-B204-F0765AB40FDD}.Release|Any CPU.Build.0 = Release|Any CPU
	EndGlobalSection
	GlobalSection(SolutionProperties) = preSolution
		HideSolutionNode = FALSE
	EndGlobalSection
	GlobalSection(ExtensibilityGlobals) = postSolution
		SolutionGuid = {66B34B5E-79F9-486E-BB29-FF27B252D5B8}
	EndGlobalSection
EndGlobal
